
Microsoft Visual Studio Solution File, Format Version 12.00
# Visual Studio 15
VisualStudioVersion = 15.0.27428.2011
MinimumVisualStudioVersion = 10.0.40219.1
Project("{9A19103F-16F7-4668-BE54-9A1E7A4F7556}") = "AuthorizationServer", "AuthorizationServer\AuthorizationServer.csproj", "{C2228C88-8984-42CF-8A27-964F3D0EF284}"
EndProject
Project("{9A19103F-16F7-4668-BE54-9A1E7A4F7556}") = "ClientApp", "ClientApp\ClientApp.csproj", "{7CD69AFE-3745-43AA-A25C-4BD9D72BF60E}"
EndProject
Project("{9A19103F-16F7-4668-BE54-9A1E7A4F7556}") = "ResourceApi", "ResourceApi\ResourceApi.csproj", "{D5A18787-6A43-4B00-AC04-B951F33B607B}"
EndProject
Global
	GlobalSection(SolutionConfigurationPlatforms) = preSolution
		Debug|Any CPU = Debug|Any CPU
		Release|Any CPU = Release|Any CPU
	EndGlobalSection
	GlobalSection(ProjectConfigurationPlatforms) = postSolution
		{C2228C88-8984-42CF-8A27-964F3D0EF284}.Debug|Any CPU.ActiveCfg = Debug|Any CPU
		{C2228C88-8984-42CF-8A27-964F3D0EF284}.Debug|Any CPU.Build.0 = Debug|Any CPU
		{C2228C88-8984-42CF-8A27-964F3D0EF284}.Release|Any CPU.ActiveCfg = Release|Any CPU
		{C2228C88-8984-42CF-8A27-964F3D0EF284}.Release|Any CPU.Build.0 = Release|Any CPU
		{7CD69AFE-3745-43AA-A25C-4BD9D72BF60E}.Debug|Any CPU.ActiveCfg = Debug|Any CPU
		{7CD69AFE-3745-43AA-A25C-4BD9D72BF60E}.Debug|Any CPU.Build.0 = Debug|Any CPU
		{7CD69AFE-3745-43AA-A25C-4BD9D72BF60E}.Release|Any CPU.ActiveCfg = Release|Any CPU
		{7CD69AFE-3745-43AA-A25C-4BD9D72BF60E}.Release|Any CPU.Build.0 = Release|Any CPU
		{D5A18787-6A43-4B00-AC04-B951F33B607B}.Debug|Any CPU.ActiveCfg = Debug|Any CPU
		{D5A18787-6A43-4B00-AC04-B951F33B607B}.Debug|Any CPU.Build.0 = Debug|Any CPU
		{D5A18787-6A43-4B00-AC04-B951F33B607B}.Release|Any CPU.ActiveCfg = Release|Any CPU
		{D5A18787-6A43-4B00-AC04-B951F33B607B}.Release|Any CPU.Build.0 = Release|Any CPU
	EndGlobalSection
	GlobalSection(SolutionProperties) = preSolution
		HideSolutionNode = FALSE
	EndGlobalSection
	GlobalSection(ExtensibilityGlobals) = postSolution
		SolutionGuid = {751589B0-D86E-407D-B47B-6DEE46D7012F}
	EndGlobalSection
EndGlobal
